
Microsoft Visual Studio Solution File, Format Version 12.00
# Visual Studio Version 17
VisualStudioVersion = 17.11.35327.3
MinimumVisualStudioVersion = 10.0.40219.1
Project("{9A19103F-16F7-4668-BE54-9A1E7A4F7556}") = "OfficeFileExtractor", "OfficeFileExtractor.csproj", "{3528A09F-2938-407F-BCC1-63B43D7CE2C7}"
EndProject
Global
	GlobalSection(SolutionConfigurationPlatforms) = preSolution
		Debug|Any CPU = Debug|Any CPU
		Release|Any CPU = Release|Any CPU
	EndGlobalSection
	GlobalSection(ProjectConfigurationPlatforms) = postSolution
		{3528A09F-2938-407F-BCC1-63B43D7CE2C7}.Debug|Any CPU.ActiveCfg = Debug|Any CPU
		{3528A09F-2938-407F-BCC1-63B43D7CE2C7}.Debug|Any CPU.Build.0 = Debug|Any CPU
		{3528A09F-2938-407F-BCC1-63B43D7CE2C7}.Release|Any CPU.ActiveCfg = Release|Any CPU
		{3528A09F-2938-407F-BCC1-63B43D7CE2C7}.Release|Any CPU.Build.0 = Release|Any CPU
	EndGlobalSection
	GlobalSection(SolutionProperties) = preSolution
		HideSolutionNode = FALSE
	EndGlobalSection
	GlobalSection(ExtensibilityGlobals) = postSolution
		SolutionGuid = {6F7AB4FB-8CDD-414E-B708-30A9D56C88F2}
	EndGlobalSection
EndGlobal
